// !$*UTF8*$!
{
	archiveVersion = 1;
	classes = {
	};
	objectVersion = 77;
	objects = {

/* Begin PBXContainerItemProxy section */
		6366D3862E59B3FD00C3D56E /* PBXContainerItemProxy */ = {
			isa = PBXContainerItemProxy;
			containerPortal = 6366D36F2E59B3FC00C3D56E /* Project object */;
			proxyType = 1;
			remoteGlobalIDString = 6366D3762E59B3FC00C3D56E;
			remoteInfo = googsuftp;
		};
		6366D3902E59B3FD00C3D56E /* PBXContainerItemProxy */ = {
			isa = PBXContainerItemProxy;
			containerPortal = 6366D36F2E59B3FC00C3D56E /* Project object */;
			proxyType = 1;
			remoteGlobalIDString = 6366D3762E59B3FC00C3D56E;
			remoteInfo = googsuftp;
		};
/* End PBXContainerItemProxy section */

/* Begin PBXFileReference section */
		6366D3772E59B3FC00C3D56E /* googsuftp.app */ = {isa = PBXFileReference; explicitFileType = wrapper.application; includeInIndex = 0; path = googsuftp.app; sourceTree = BUILT_PRODUCTS_DIR; };
		6366D3852E59B3FD00C3D56E /* googsuftpTests.xctest */ = {isa = PBXFileReference; explicitFileType = wrapper.cfbundle; includeInIndex = 0; path = googsuftpTests.xctest; sourceTree = BUILT_PRODUCTS_DIR; };
		6366D38F2E59B3FD00C3D56E /* googsuftpUITests.xctest */ = {isa = PBXFileReference; explicitFileType = wrapper.cfbundle; includeInIndex = 0; path = googsuftpUITests.xctest; sourceTree = BUILT_PRODUCTS_DIR; };
/* End PBXFileReference section */

/* Begin PBXFileSystemSynchronizedRootGroup section */
		6366D3792E59B3FC00C3D56E /* googsuftp */ = {
			isa = PBXFileSystemSynchronizedRootGroup;
			path = googsuftp;
			sourceTree = "<group>";
		};
		6366D3882E59B3FD00C3D56E /* googsuftpTests */ = {
			isa = PBXFileSystemSynchronizedRootGroup;
			path = googsuftpTests;
			sourceTree = "<group>";
		};
		6366D3922E59B3FD00C3D56E /* googsuftpUITests */ = {
			isa = PBXFileSystemSynchronizedRootGroup;
			path = googsuftpUITests;
			sourceTree = "<group>";
		};
/* End PBXFileSystemSynchronizedRootGroup section */

/* Begin PBXFrameworksBuildPhase section */
		6366D3742E59B3FC00C3D56E /* Frameworks */ = {
			isa = PBXFrameworksBuildPhase;
			buildActionMask = 2147483647;
			files = (
			);
			runOnlyForDeploymentPostprocessing = 0;
		};
		6366D3822E59B3FD00C3D56E /* Frameworks */ = {
			isa = PBXFrameworksBuildPhase;
			buildActionMask = 2147483647;
			files = (
			);
			runOnlyForDeploymentPostprocessing = 0;
		};
		6366D38C2E59B3FD00C3D56E /* Frameworks */ = {
			isa = PBXFrameworksBuildPhase;
			buildActionMask = 2147483647;
			files = (
			);
			runOnlyForDeploymentPostprocessing = 0;
		};
/* End PBXFrameworksBuildPhase section */

/* Begin PBXGroup section */
		6366D36E2E59B3FC00C3D56E = {
			isa = PBXGroup;
			children = (
				6366D3792E59B3FC00C3D56E /* googsuftp */,
				6366D3882E59B3FD00C3D56E /* googsuftpTests */,
				6366D3922E59B3FD00C3D56E /* googsuftpUITests */,
				6366D3782E59B3FC00C3D56E /* Products */,
			);
			sourceTree = "<group>";
		};
		6366D3782E59B3FC00C3D56E /* Products */ = {
			isa = PBXGroup;
			children = (
				6366D3772E59B3FC00C3D56E /* googsuftp.app */,
				6366D3852E59B3FD00C3D56E /* googsuftpTests.xctest */,
				6366D38F2E59B3FD00C3D56E /* googsuftpUITests.xctest */,
			);
			name = Products;
			sourceTree = "<group>";
		};
/* End PBXGroup section */

/* Begin PBXNativeTarget section */
		6366D3762E59B3FC00C3D56E /* googsuftp */ = {
			isa = PBXNativeTarget;
			buildConfigurationList = 6366D3992E59B3FD00C3D56E /* Build configuration list for PBXNativeTarget "googsuftp" */;
			buildPhases = (
				6366D3732E59B3FC00C3D56E /* Sources */,
				6366D3742E59B3FC00C3D56E /* Frameworks */,
				6366D3752E59B3FC00C3D56E /* Resources */,
			);
			buildRules = (
			);
			dependencies = (
			);
			fileSystemSynchronizedGroups = (
				6366D3792E59B3FC00C3D56E /* googsuftp */,
			);
			name = googsuftp;
			packageProductDependencies = (
			);
			productName = googsuftp;
			productReference = 6366D3772E59B3FC00C3D56E /* googsuftp.app */;
			productType = "com.apple.product-type.application";
		};
		6366D3842E59B3FD00C3D56E /* googsuftpTests */ = {
			isa = PBXNativeTarget;
			buildConfigurationList = 6366D39C2E59B3FD00C3D56E /* Build configuration list for PBXNativeTarget "googsuftpTests" */;
			buildPhases = (
				6366D3812E59B3FD00C3D56E /* Sources */,
				6366D3822E59B3FD00C3D56E /* Frameworks */,
				6366D3832E59B3FD00C3D56E /* Resources */,
			);
			buildRules = (
			);
			dependencies = (
				6366D3872E59B3FD00C3D56E /* PBXTargetDependency */,
			);
			fileSystemSynchronizedGroups = (
				6366D3882E59B3FD00C3D56E /* googsuftpTests */,
			);
			name = googsuftpTests;
			packageProductDependencies = (
			);
			productName = googsuftpTests;
			productReference = 6366D3852E59B3FD00C3D56E /* googsuftpTests.xctest */;
			productType = "com.apple.product-type.bundle.unit-test";
		};
		6366D38E2E59B3FD00C3D56E /* googsuftpUITests */ = {
			isa = PBXNativeTarget;
			buildConfigurationList = 6366D39F2E59B3FD00C3D56E /* Build configuration list for PBXNativeTarget "googsuftpUITests" */;
			buildPhases = (
				6366D38B2E59B3FD00C3D56E /* Sources */,
				6366D38C2E59B3FD00C3D56E /* Frameworks */,
				6366D38D2E59B3FD00C3D56E /* Resources */,
			);
			buildRules = (
			);
			dependencies = (
				6366D3912E59B3FD00C3D56E /* PBXTargetDependency */,
			);
			fileSystemSynchronizedGroups = (
				6366D3922E59B3FD00C3D56E /* googsuftpUITests */,
			);
			name = googsuftpUITests;
			packageProductDependencies = (
			);
			productName = googsuftpUITests;
			productReference = 6366D38F2E59B3FD00C3D56E /* googsuftpUITests.xctest */;
			productType = "com.apple.product-type.bundle.ui-testing";
		};
/* End PBXNativeTarget section */

/* Begin PBXProject section */
		6366D36F2E59B3FC00C3D56E /* Project object */ = {
			isa = PBXProject;
			attributes = {
				BuildIndependentTargetsInParallel = 1;
				LastSwiftUpdateCheck = 1640;
				LastUpgradeCheck = 1640;
				TargetAttributes = {
					6366D3762E59B3FC00C3D56E = {
						CreatedOnToolsVersion = 16.4;
					};
					6366D3842E59B3FD00C3D56E = {
						CreatedOnToolsVersion = 16.4;
						TestTargetID = 6366D3762E59B3FC00C3D56E;
					};
					6366D38E2E59B3FD00C3D56E = {
						CreatedOnToolsVersion = 16.4;
						TestTargetID = 6366D3762E59B3FC00C3D56E;
					};
				};
			};
			buildConfigurationList = 6366D3722E59B3FC00C3D56E /* Build configuration list for PBXProject "googsuftp" */;
			developmentRegion = en;
			hasScannedForEncodings = 0;
			knownRegions = (
				en,
				Base,
			);
			mainGroup = 6366D36E2E59B3FC00C3D56E;
			minimizedProjectReferenceProxies = 1;
			preferredProjectObjectVersion = 77;
			productRefGroup = 6366D3782E59B3FC00C3D56E /* Products */;
			projectDirPath = "";
			projectRoot = "";
			targets = (
				6366D3762E59B3FC00C3D56E /* googsuftp */,
				6366D3842E59B3FD00C3D56E /* googsuftpTests */,
				6366D38E2E59B3FD00C3D56E /* googsuftpUITests */,
			);
		};
/* End PBXProject section */

/* Begin PBXResourcesBuildPhase section */
		6366D3752E59B3FC00C3D56E /* Resources */ = {
			isa = PBXResourcesBuildPhase;
			buildActionMask = 2147483647;
			files = (
			);
			runOnlyForDeploymentPostprocessing = 0;
		};
		6366D3832E59B3FD00C3D56E /* Resources */ = {
			isa = PBXResourcesBuildPhase;
			buildActionMask = 2147483647;
			files = (
			);
			runOnlyForDeploymentPostprocessing = 0;
		};
		6366D38D2E59B3FD00C3D56E /* Resources */ = {
			isa = PBXResourcesBuildPhase;
			buildActionMask = 2147483647;
			files = (
			);
			runOnlyForDeploymentPostprocessing = 0;
		};
/* End PBXResourcesBuildPhase section */

/* Begin PBXSourcesBuildPhase section */
		6366D3732E59B3FC00C3D56E /* Sources */ = {
			isa = PBXSourcesBuildPhase;
			buildActionMask = 2147483647;
			files = (
			);
			runOnlyForDeploymentPostprocessing = 0;
		};
		6366D3812E59B3FD00C3D56E /* Sources */ = {
			isa = PBXSourcesBuildPhase;
			buildActionMask = 2147483647;
			files = (
			);
			runOnlyForDeploymentPostprocessing = 0;
		};
		6366D38B2E59B3FD00C3D56E /* Sources */ = {
			isa = PBXSourcesBuildPhase;
			buildActionMask = 2147483647;
			files = (
			);
			runOnlyForDeploymentPostprocessing = 0;
		};
/* End PBXSourcesBuildPhase section */

/* Begin PBXTargetDependency section */
		6366D3872E59B3FD00C3D56E /* PBXTargetDependency */ = {
			isa = PBXTargetDependency;
			target = 6366D3762E59B3FC00C3D56E /* googsuftp */;
			targetProxy = 6366D3862E59B3FD00C3D56E /* PBXContainerItemProxy */;
		};
		6366D3912E59B3FD00C3D56E /* PBXTargetDependency */ = {
			isa = PBXTargetDependency;
			target = 6366D3762E59B3FC00C3D56E /* googsuftp */;
			targetProxy = 6366D3902E59B3FD00C3D56E /* PBXContainerItemProxy */;
		};
/* End PBXTargetDependency section */

/* Begin XCBuildConfiguration section */
		6366D3972E59B3FD00C3D56E /* Debug */ = {
			isa = XCBuildConfiguration;
			buildSettings = {
				ALWAYS_SEARCH_USER_PATHS = NO;
				ASSETCATALOG_COMPILER_GENERATE_SWIFT_ASSET_SYMBOL_EXTENSIONS = YES;
				CLANG_ANALYZER_NONNULL = YES;
				CLANG_ANALYZER_NUMBER_OBJECT_CONVERSION = YES_AGGRESSIVE;
				CLANG_CXX_LANGUAGE_STANDARD = "gnu++20";
				CLANG_ENABLE_MODULES = YES;
				CLANG_ENABLE_OBJC_ARC = YES;
				CLANG_ENABLE_OBJC_WEAK = YES;
				CLANG_WARN_BLOCK_CAPTURE_AUTORELEASING = YES;
				CLANG_WARN_BOOL_CONVERSION = YES;
				CLANG_WARN_COMMA = YES;
				CLANG_WARN_CONSTANT_CONVERSION = YES;
				CLANG_WARN_DEPRECATED_OBJC_IMPLEMENTATIONS = YES;
				CLANG_WARN_DIRECT_OBJC_ISA_USAGE = YES_ERROR;
				CLANG_WARN_DOCUMENTATION_COMMENTS = YES;
				CLANG_WARN_EMPTY_BODY = YES;
				CLANG_WARN_ENUM_CONVERSION = YES;
				CLANG_WARN_INFINITE_RECURSION = YES;
				CLANG_WARN_INT_CONVERSION = YES;
				CLANG_WARN_NON_LITERAL_NULL_CONVERSION = YES;
				CLANG_WARN_OBJC_IMPLICIT_RETAIN_SELF = YES;
				CLANG_WARN_OBJC_LITERAL_CONVERSION = YES;
				CLANG_WARN_OBJC_ROOT_CLASS = YES_ERROR;
				CLANG_WARN_QUOTED_INCLUDE_IN_FRAMEWORK_HEADER = YES;
				CLANG_WARN_RANGE_LOOP_ANALYSIS = YES;
				CLANG_WARN_STRICT_PROTOTYPES = YES;
				CLANG_WARN_SUSPICIOUS_MOVE = YES;
				CLANG_WARN_UNGUARDED_AVAILABILITY = YES_AGGRESSIVE;
				CLANG_WARN_UNREACHABLE_CODE = YES;
				CLANG_WARN__DUPLICATE_METHOD_MATCH = YES;
				COPY_PHASE_STRIP = NO;
				DEBUG_INFORMATION_FORMAT = dwarf;
				DEVELOPMENT_TEAM = 88J35QPT9J;
				ENABLE_STRICT_OBJC_MSGSEND = YES;
				ENABLE_TESTABILITY = YES;
				ENABLE_USER_SCRIPT_SANDBOXING = YES;
				GCC_C_LANGUAGE_STANDARD = gnu17;
				GCC_DYNAMIC_NO_PIC = NO;
				GCC_NO_COMMON_BLOCKS = YES;
				GCC_OPTIMIZATION_LEVEL = 0;
				GCC_PREPROCESSOR_DEFINITIONS = (
					"DEBUG=1",
					"$(inherited)",
				);
				GCC_WARN_64_TO_32_BIT_CONVERSION = YES;
				GCC_WARN_ABOUT_RETURN_TYPE = YES_ERROR;
				GCC_WARN_UNDECLARED_SELECTOR = YES;
				GCC_WARN_UNINITIALIZED_AUTOS = YES_AGGRESSIVE;
				GCC_WARN_UNUSED_FUNCTION = YES;
				GCC_WARN_UNUSED_VARIABLE = YES;
				LOCALIZATION_PREFERS_STRING_CATALOGS = YES;
				MACOSX_DEPLOYMENT_TARGET = 15.5;
				MTL_ENABLE_DEBUG_INFO = INCLUDE_SOURCE;
				MTL_FAST_MATH = YES;
				ONLY_ACTIVE_ARCH = YES;
				SDKROOT = macosx;
				SWIFT_ACTIVE_COMPILATION_CONDITIONS = "DEBUG $(inherited)";
				SWIFT_OPTIMIZATION_LEVEL = "-Onone";
			};
			name = Debug;
		};
		6366D3982E59B3FD00C3D56E /* Release */ = {
			isa = XCBuildConfiguration;
			buildSettings = {
				ALWAYS_SEARCH_USER_PATHS = NO;
				ASSETCATALOG_COMPILER_GENERATE_SWIFT_ASSET_SYMBOL_EXTENSIONS = YES;
				CLANG_ANALYZER_NONNULL = YES;
				CLANG_ANALYZER_NUMBER_OBJECT_CONVERSION = YES_AGGRESSIVE;
				CLANG_CXX_LANGUAGE_STANDARD = "gnu++20";
				CLANG_ENABLE_MODULES = YES;
				CLANG_ENABLE_OBJC_ARC = YES;
				CLANG_ENABLE_OBJC_WEAK = YES;
				CLANG_WARN_BLOCK_CAPTURE_AUTORELEASING = YES;
				CLANG_WARN_BOOL_CONVERSION = YES;
				CLANG_WARN_COMMA = YES;
				CLANG_WARN_CONSTANT_CONVERSION = YES;
				CLANG_WARN_DEPRECATED_OBJC_IMPLEMENTATIONS = YES;
				CLANG_WARN_DIRECT_OBJC_ISA_USAGE = YES_ERROR;
				CLANG_WARN_DOCUMENTATION_COMMENTS = YES;
				CLANG_WARN_EMPTY_BODY = YES;
				CLANG_WARN_ENUM_CONVERSION = YES;
				CLANG_WARN_INFINITE_RECURSION = YES;
				CLANG_WARN_INT_CONVERSION = YES;
				CLANG_WARN_NON_LITERAL_NULL_CONVERSION = YES;
				CLANG_WARN_OBJC_IMPLICIT_RETAIN_SELF = YES;
				CLANG_WARN_OBJC_LITERAL_CONVERSION = YES;
				CLANG_WARN_OBJC_ROOT_CLASS = YES_ERROR;
				CLANG_WARN_QUOTED_INCLUDE_IN_FRAMEWORK_HEADER = YES;
				CLANG_WARN_RANGE_LOOP_ANALYSIS = YES;
				CLANG_WARN_STRICT_PROTOTYPES = YES;
				CLANG_WARN_SUSPICIOUS_MOVE = YES;
				CLANG_WARN_UNGUARDED_AVAILABILITY = YES_AGGRESSIVE;
				CLANG_WARN_UNREACHABLE_CODE = YES;
				CLANG_WARN__DUPLICATE_METHOD_MATCH = YES;
				COPY_PHASE_STRIP = NO;
				DEBUG_INFORMATION_FORMAT = "dwarf-with-dsym";
				DEVELOPMENT_TEAM = 88J35QPT9J;
				ENABLE_NS_ASSERTIONS = NO;
				ENABLE_STRICT_OBJC_MSGSEND = YES;
				ENABLE_USER_SCRIPT_SANDBOXING = YES;
				GCC_C_LANGUAGE_STANDARD = gnu17;
				GCC_NO_COMMON_BLOCKS = YES;
				GCC_WARN_64_TO_32_BIT_CONVERSION = YES;
				GCC_WARN_ABOUT_RETURN_TYPE = YES_ERROR;
				GCC_WARN_UNDECLARED_SELECTOR = YES;
				GCC_WARN_UNINITIALIZED_AUTOS = YES_AGGRESSIVE;
				GCC_WARN_UNUSED_FUNCTION = YES;
				GCC_WARN_UNUSED_VARIABLE = YES;
				LOCALIZATION_PREFERS_STRING_CATALOGS = YES;
				MACOSX_DEPLOYMENT_TARGET = 15.5;
				MTL_ENABLE_DEBUG_INFO = NO;
				MTL_FAST_MATH = YES;
				SDKROOT = macosx;
				SWIFT_COMPILATION_MODE = wholemodule;
			};
			name = Release;
		};
		6366D39A2E59B3FD00C3D56E /* Debug */ = {
			isa = XCBuildConfiguration;
			buildSettings = {
				ASSETCATALOG_COMPILER_APPICON_NAME = AppIcon;
				ASSETCATALOG_COMPILER_GLOBAL_ACCENT_COLOR_NAME = AccentColor;
				CODE_SIGN_ENTITLEMENTS = googsuftp/googsuftp.entitlements;
				"CODE_SIGN_IDENTITY[sdk=macosx*]" = "Apple Development";
				CODE_SIGN_STYLE = Automatic;
				COMBINE_HIDPI_IMAGES = YES;
				CURRENT_PROJECT_VERSION = 1;
				DEVELOPMENT_TEAM = 88J35QPT9J;
				ENABLE_HARDENED_RUNTIME = YES;
				ENABLE_PREVIEWS = YES;
				GENERATE_INFOPLIST_FILE = NO;
				INFOPLIST_FILE = "googsuftp-Info.plist";
				INFOPLIST_KEY_CFBundleDisplayName = GoogsuFTP;
				INFOPLIST_KEY_LSApplicationCategoryType = "public.app-category.developer-tools";
				LD_RUNPATH_SEARCH_PATHS = (
					"$(inherited)",
					"@executable_path/../Frameworks",
				);
				MARKETING_VERSION = 1.0;
				PRODUCT_BUNDLE_IDENTIFIER = com.googsu.googsuftp;
				PRODUCT_NAME = "$(TARGET_NAME)";
				REGISTER_APP_GROUPS = YES;
				SWIFT_EMIT_LOC_STRINGS = YES;
				SWIFT_VERSION = 5.0;
			};
			name = Debug;
		};
		6366D39B2E59B3FD00C3D56E /* Release */ = {
			isa = XCBuildConfiguration;
			buildSettings = {
				ASSETCATALOG_COMPILER_APPICON_NAME = AppIcon;
				ASSETCATALOG_COMPILER_GLOBAL_ACCENT_COLOR_NAME = AccentColor;
				CODE_SIGN_ENTITLEMENTS = googsuftp/googsuftp.entitlements;
				"CODE_SIGN_IDENTITY[sdk=macosx*]" = "Apple Development";
				CODE_SIGN_STYLE = Automatic;
				COMBINE_HIDPI_IMAGES = YES;
				CURRENT_PROJECT_VERSION = 1;
				DEVELOPMENT_TEAM = 88J35QPT9J;
				ENABLE_HARDENED_RUNTIME = YES;
				ENABLE_PREVIEWS = YES;
				GENERATE_INFOPLIST_FILE = NO;
				INFOPLIST_FILE = "googsuftp-Info.plist";
				INFOPLIST_KEY_CFBundleDisplayName = GoogsuFTP;
				INFOPLIST_KEY_LSApplicationCategoryType = "public.app-category.developer-tools";
				LD_RUNPATH_SEARCH_PATHS = (
					"$(inherited)",
					"@executable_path/../Frameworks",
				);
				MARKETING_VERSION = 1.0;
				PRODUCT_BUNDLE_IDENTIFIER = com.googsu.googsuftp;
				PRODUCT_NAME = "$(TARGET_NAME)";
				REGISTER_APP_GROUPS = YES;
				SWIFT_EMIT_LOC_STRINGS = YES;
				SWIFT_VERSION = 5.0;
			};
			name = Release;
		};
		6366D39D2E59B3FD00C3D56E /* Debug */ = {
			isa = XCBuildConfiguration;
			buildSettings = {
				BUNDLE_LOADER = "$(TEST_HOST)";
				CODE_SIGN_STYLE = Automatic;
				CURRENT_PROJECT_VERSION = 1;
				DEVELOPMENT_TEAM = 88J35QPT9J;
				GENERATE_INFOPLIST_FILE = YES;
				MACOSX_DEPLOYMENT_TARGET = 15.5;
				MARKETING_VERSION = 1.0;
				PRODUCT_BUNDLE_IDENTIFIER = com.googsu.googsuftpTests;
				PRODUCT_NAME = "$(TARGET_NAME)";
				SWIFT_EMIT_LOC_STRINGS = NO;
				SWIFT_VERSION = 5.0;
				TEST_HOST = "$(BUILT_PRODUCTS_DIR)/googsuftp.app/$(BUNDLE_EXECUTABLE_FOLDER_PATH)/googsuftp";
			};
			name = Debug;
		};
		6366D39E2E59B3FD00C3D56E /* Release */ = {
			isa = XCBuildConfiguration;
			buildSettings = {
				BUNDLE_LOADER = "$(TEST_HOST)";
				CODE_SIGN_STYLE = Automatic;
				CURRENT_PROJECT_VERSION = 1;
				DEVELOPMENT_TEAM = 88J35QPT9J;
				GENERATE_INFOPLIST_FILE = YES;
				MACOSX_DEPLOYMENT_TARGET = 15.5;
				MARKETING_VERSION = 1.0;
				PRODUCT_BUNDLE_IDENTIFIER = com.googsu.googsuftpTests;
				PRODUCT_NAME = "$(TARGET_NAME)";
				SWIFT_EMIT_LOC_STRINGS = NO;
				SWIFT_VERSION = 5.0;
				TEST_HOST = "$(BUILT_PRODUCTS_DIR)/googsuftp.app/$(BUNDLE_EXECUTABLE_FOLDER_PATH)/googsuftp";
			};
			name = Release;
		};
		6366D3A02E59B3FD00C3D56E /* Debug */ = {
			isa = XCBuildConfiguration;
			buildSettings = {
				CODE_SIGN_STYLE = Automatic;
				CURRENT_PROJECT_VERSION = 1;
				DEVELOPMENT_TEAM = 88J35QPT9J;
				GENERATE_INFOPLIST_FILE = YES;
				MARKETING_VERSION = 1.0;
				PRODUCT_BUNDLE_IDENTIFIER = com.googsu.googsuftpUITests;
				PRODUCT_NAME = "$(TARGET_NAME)";
				SWIFT_EMIT_LOC_STRINGS = NO;
				SWIFT_VERSION = 5.0;
				TEST_TARGET_NAME = googsuftp;
			};
			name = Debug;
		};
		6366D3A12E59B3FD00C3D56E /* Release */ = {
			isa = XCBuildConfiguration;
			buildSettings = {
				CODE_SIGN_STYLE = Automatic;
				CURRENT_PROJECT_VERSION = 1;
				DEVELOPMENT_TEAM = 88J35QPT9J;
				GENERATE_INFOPLIST_FILE = YES;
				MARKETING_VERSION = 1.0;
				PRODUCT_BUNDLE_IDENTIFIER = com.googsu.googsuftpUITests;
				PRODUCT_NAME = "$(TARGET_NAME)";
				SWIFT_EMIT_LOC_STRINGS = NO;
				SWIFT_VERSION = 5.0;
				TEST_TARGET_NAME = googsuftp;
			};
			name = Release;
		};
/* End XCBuildConfiguration section */

/* Begin XCConfigurationList section */
		6366D3722E59B3FC00C3D56E /* Build configuration list for PBXProject "googsuftp" */ = {
			isa = XCConfigurationList;
			buildConfigurations = (
				6366D3972E59B3FD00C3D56E /* Debug */,
				6366D3982E59B3FD00C3D56E /* Release */,
			);
			defaultConfigurationIsVisible = 0;
			defaultConfigurationName = Release;
		};
		6366D3992E59B3FD00C3D56E /* Build configuration list for PBXNativeTarget "googsuftp" */ = {
			isa = XCConfigurationList;
			buildConfigurations = (
				6366D39A2E59B3FD00C3D56E /* Debug */,
				6366D39B2E59B3FD00C3D56E /* Release */,
			);
			defaultConfigurationIsVisible = 0;
			defaultConfigurationName = Release;
		};
		6366D39C2E59B3FD00C3D56E /* Build configuration list for PBXNativeTarget "googsuftpTests" */ = {
			isa = XCConfigurationList;
			buildConfigurations = (
				6366D39D2E59B3FD00C3D56E /* Debug */,
				6366D39E2E59B3FD00C3D56E /* Release */,
			);
			defaultConfigurationIsVisible = 0;
			defaultConfigurationName = Release;
		};
		6366D39F2E59B3FD00C3D56E /* Build configuration list for PBXNativeTarget "googsuftpUITests" */ = {
			isa = XCConfigurationList;
			buildConfigurations = (
				6366D3A02E59B3FD00C3D56E /* Debug */,
				6366D3A12E59B3FD00C3D56E /* Release */,
			);
			defaultConfigurationIsVisible = 0;
			defaultConfigurationName = Release;
		};
/* End XCConfigurationList section */
	};
	rootObject = 6366D36F2E59B3FC00C3D56E /* Project object */;
}
